// !$*UTF8*$!
{
	archiveVersion = 1;
	classes = {
	};
	objectVersion = 51;
	objects = {

/* Begin PBXBuildFile section */
		520BCFE22346F7FA0012C8DA /* UpdateProfileInfoTableViewCell.swift in Sources */ = {isa = PBXBuildFile; fileRef = 520BCFE12346F7FA0012C8DA /* UpdateProfileInfoTableViewCell.swift */; };
		5241F935232C80C600662488 /* LoginViewController.swift in Sources */ = {isa = PBXBuildFile; fileRef = 5241F934232C80C600662488 /* LoginViewController.swift */; };
		5241F943232CD84D00662488 /* SettingsTableViewController.swift in Sources */ = {isa = PBXBuildFile; fileRef = 5241F942232CD84D00662488 /* SettingsTableViewController.swift */; };
		52577EB4232B83AE00E18517 /* LoginAndRegister.storyboard in Resources */ = {isa = PBXBuildFile; fileRef = 52577EB3232B83AE00E18517 /* LoginAndRegister.storyboard */; };
		52577EB7232BAF1300E18517 /* RegisterViewController.swift in Sources */ = {isa = PBXBuildFile; fileRef = 52577EB6232BAF1300E18517 /* RegisterViewController.swift */; };
		529262B9234301AF00C7E24D /* Settings.storyboard in Resources */ = {isa = PBXBuildFile; fileRef = 529262B8234301AF00C7E24D /* Settings.storyboard */; };
		529262BC23430B4F00C7E24D /* AccountSettingsTableViewController.swift in Sources */ = {isa = PBXBuildFile; fileRef = 529262BB23430B4F00C7E24D /* AccountSettingsTableViewController.swift */; };
		529262BF23433DCC00C7E24D /* UpdateProfileInfoViewController.swift in Sources */ = {isa = PBXBuildFile; fileRef = 529262BE23433DCC00C7E24D /* UpdateProfileInfoViewController.swift */; };
		52A1A58D22DF7C0B000D71F2 /* ProfilelViewController.swift in Sources */ = {isa = PBXBuildFile; fileRef = 52A1A58C22DF7C0B000D71F2 /* ProfilelViewController.swift */; };
		52A6D63C22D89F1400D0670B /* AppDelegate.swift in Sources */ = {isa = PBXBuildFile; fileRef = 52A6D63B22D89F1400D0670B /* AppDelegate.swift */; };
		52A6D63E22D89F1400D0670B /* ViewController.swift in Sources */ = {isa = PBXBuildFile; fileRef = 52A6D63D22D89F1400D0670B /* ViewController.swift */; };
		52A6D64122D89F1400D0670B /* Main.storyboard in Resources */ = {isa = PBXBuildFile; fileRef = 52A6D63F22D89F1400D0670B /* Main.storyboard */; };
		52A6D64622D89F1500D0670B /* LaunchScreen.storyboard in Resources */ = {isa = PBXBuildFile; fileRef = 52A6D64422D89F1500D0670B /* LaunchScreen.storyboard */; };
		52A6D65122D8AEE700D0670B /* BWWalkthroughPageViewController.swift in Sources */ = {isa = PBXBuildFile; fileRef = 52A6D64F22D8AEE700D0670B /* BWWalkthroughPageViewController.swift */; };
		52A6D65222D8AEE700D0670B /* BWWalkthroughViewController.swift in Sources */ = {isa = PBXBuildFile; fileRef = 52A6D65022D8AEE700D0670B /* BWWalkthroughViewController.swift */; };
		52A6D65822D8B33B00D0670B /* BWWalkthrough.storyboard in Resources */ = {isa = PBXBuildFile; fileRef = 52A6D65722D8B33B00D0670B /* BWWalkthrough.storyboard */; };
		52A6D65A22D8B77B00D0670B /* Assets.xcassets in Resources */ = {isa = PBXBuildFile; fileRef = 52A6D65922D8B77B00D0670B /* Assets.xcassets */; };
		52EF59EB22FC68F200FC8263 /* Sunrise.mp4 in Resources */ = {isa = PBXBuildFile; fileRef = 52EF59EA22FC68F200FC8263 /* Sunrise.mp4 */; };
		52EF59ED22FD07AC00FC8263 /* SqueezeNet.mlmodel in Sources */ = {isa = PBXBuildFile; fileRef = 52EF59EC22FD07AC00FC8263 /* SqueezeNet.mlmodel */; };
		52F064E022F911A00023266D /* LibraryViewController.swift in Sources */ = {isa = PBXBuildFile; fileRef = 52F064DF22F911A00023266D /* LibraryViewController.swift */; };
		52F064E422FB00B90023266D /* WorkoutViewController.swift in Sources */ = {isa = PBXBuildFile; fileRef = 52F064E322FB00B90023266D /* WorkoutViewController.swift */; };
		52FA8F7C232FCF010091EBD7 /* Extension.swift in Sources */ = {isa = PBXBuildFile; fileRef = 52FA8F7B232FCF010091EBD7 /* Extension.swift */; };
		52FA8F7E2330A6F70091EBD7 /* Utilities.swift in Sources */ = {isa = PBXBuildFile; fileRef = 52FA8F7D2330A6F70091EBD7 /* Utilities.swift */; };
		B82F25B8491E9A70F4EA7785 /* Pods_Keepmate.framework in Frameworks */ = {isa = PBXBuildFile; fileRef = 28F5A560D6A5D1072EB41449 /* Pods_Keepmate.framework */; };
/* End PBXBuildFile section */

/* Begin PBXContainerItemProxy section */
		52FA6F6E233BBE1D003AA0AE /* PBXContainerItemProxy */ = {
			isa = PBXContainerItemProxy;
			containerPortal = 52FA6F67233BBE1D003AA0AE /* Pods.xcodeproj */;
			proxyType = 2;
			remoteGlobalIDString = 0383903D05EDD5C442C682C1F7A1752D;
			remoteInfo = ChameleonFramework;
		};
		52FA6F70233BBE1D003AA0AE /* PBXContainerItemProxy */ = {
			isa = PBXContainerItemProxy;
			containerPortal = 52FA6F67233BBE1D003AA0AE /* Pods.xcodeproj */;
			proxyType = 2;
			remoteGlobalIDString = EBB7229949F245BBBBF057918FFA1A9F;
			remoteInfo = "Pods-Keepmate";
		};
		52FA6F72233BBE1D003AA0AE /* PBXContainerItemProxy */ = {
			isa = PBXContainerItemProxy;
			containerPortal = 52FA6F67233BBE1D003AA0AE /* Pods.xcodeproj */;
			proxyType = 2;
			remoteGlobalIDString = E97D43C46A45EE515A4DA3AF94398441;
			remoteInfo = SVProgressHUD;
		};
/* End PBXContainerItemProxy section */

/* Begin PBXFileReference section */
		28F5A560D6A5D1072EB41449 /* Pods_Keepmate.framework */ = {isa = PBXFileReference; explicitFileType = wrapper.framework; includeInIndex = 0; path = Pods_Keepmate.framework; sourceTree = BUILT_PRODUCTS_DIR; };
		520BCFE12346F7FA0012C8DA /* UpdateProfileInfoTableViewCell.swift */ = {isa = PBXFileReference; lastKnownFileType = sourcecode.swift; path = UpdateProfileInfoTableViewCell.swift; sourceTree = "<group>"; };
		5241F934232C80C600662488 /* LoginViewController.swift */ = {isa = PBXFileReference; lastKnownFileType = sourcecode.swift; path = LoginViewController.swift; sourceTree = "<group>"; };
		5241F942232CD84D00662488 /* SettingsTableViewController.swift */ = {isa = PBXFileReference; lastKnownFileType = sourcecode.swift; path = SettingsTableViewController.swift; sourceTree = "<group>"; };
		52577EB3232B83AE00E18517 /* LoginAndRegister.storyboard */ = {isa = PBXFileReference; lastKnownFileType = file.storyboard; path = LoginAndRegister.storyboard; sourceTree = "<group>"; };
		52577EB6232BAF1300E18517 /* RegisterViewController.swift */ = {isa = PBXFileReference; lastKnownFileType = sourcecode.swift; path = RegisterViewController.swift; sourceTree = "<group>"; };
		529262B8234301AF00C7E24D /* Settings.storyboard */ = {isa = PBXFileReference; lastKnownFileType = file.storyboard; path = Settings.storyboard; sourceTree = "<group>"; };
		529262BB23430B4F00C7E24D /* AccountSettingsTableViewController.swift */ = {isa = PBXFileReference; lastKnownFileType = sourcecode.swift; path = AccountSettingsTableViewController.swift; sourceTree = "<group>"; };
		529262BE23433DCC00C7E24D /* UpdateProfileInfoViewController.swift */ = {isa = PBXFileReference; lastKnownFileType = sourcecode.swift; path = UpdateProfileInfoViewController.swift; sourceTree = "<group>"; };
		52A1A58C22DF7C0B000D71F2 /* ProfilelViewController.swift */ = {isa = PBXFileReference; lastKnownFileType = sourcecode.swift; path = ProfilelViewController.swift; sourceTree = "<group>"; };
		52A6D63822D89F1400D0670B /* Keepmate.app */ = {isa = PBXFileReference; explicitFileType = wrapper.application; includeInIndex = 0; path = Keepmate.app; sourceTree = BUILT_PRODUCTS_DIR; };
		52A6D63B22D89F1400D0670B /* AppDelegate.swift */ = {isa = PBXFileReference; lastKnownFileType = sourcecode.swift; path = AppDelegate.swift; sourceTree = "<group>"; };
		52A6D63D22D89F1400D0670B /* ViewController.swift */ = {isa = PBXFileReference; lastKnownFileType = sourcecode.swift; path = ViewController.swift; sourceTree = "<group>"; };
		52A6D64022D89F1400D0670B /* Base */ = {isa = PBXFileReference; lastKnownFileType = file.storyboard; name = Base; path = Base.lproj/Main.storyboard; sourceTree = "<group>"; };
		52A6D64522D89F1500D0670B /* Base */ = {isa = PBXFileReference; lastKnownFileType = file.storyboard; name = Base; path = Base.lproj/LaunchScreen.storyboard; sourceTree = "<group>"; };
		52A6D64722D89F1500D0670B /* Info.plist */ = {isa = PBXFileReference; lastKnownFileType = text.plist.xml; path = Info.plist; sourceTree = "<group>"; };
		52A6D64F22D8AEE700D0670B /* BWWalkthroughPageViewController.swift */ = {isa = PBXFileReference; fileEncoding = 4; lastKnownFileType = sourcecode.swift; path = BWWalkthroughPageViewController.swift; sourceTree = "<group>"; };
		52A6D65022D8AEE700D0670B /* BWWalkthroughViewController.swift */ = {isa = PBXFileReference; fileEncoding = 4; lastKnownFileType = sourcecode.swift; path = BWWalkthroughViewController.swift; sourceTree = "<group>"; };
		52A6D65722D8B33B00D0670B /* BWWalkthrough.storyboard */ = {isa = PBXFileReference; lastKnownFileType = file.storyboard; path = BWWalkthrough.storyboard; sourceTree = "<group>"; };
		52A6D65922D8B77B00D0670B /* Assets.xcassets */ = {isa = PBXFileReference; lastKnownFileType = folder.assetcatalog; path = Assets.xcassets; sourceTree = "<group>"; };
		52EF59EA22FC68F200FC8263 /* Sunrise.mp4 */ = {isa = PBXFileReference; lastKnownFileType = file; name = Sunrise.mp4; path = Keepmate/Source/Video/Sunrise.mp4; sourceTree = "<group>"; };
		52EF59EC22FD07AC00FC8263 /* SqueezeNet.mlmodel */ = {isa = PBXFileReference; lastKnownFileType = file.mlmodel; path = SqueezeNet.mlmodel; sourceTree = "<group>"; };
		52F064DF22F911A00023266D /* LibraryViewController.swift */ = {isa = PBXFileReference; lastKnownFileType = sourcecode.swift; path = LibraryViewController.swift; sourceTree = "<group>"; };
		52F064E322FB00B90023266D /* WorkoutViewController.swift */ = {isa = PBXFileReference; lastKnownFileType = sourcecode.swift; path = WorkoutViewController.swift; sourceTree = "<group>"; };
		52FA6F67233BBE1D003AA0AE /* Pods.xcodeproj */ = {isa = PBXFileReference; lastKnownFileType = "wrapper.pb-project"; path = Pods.xcodeproj; sourceTree = "<group>"; };
		52FA8F7B232FCF010091EBD7 /* Extension.swift */ = {isa = PBXFileReference; lastKnownFileType = sourcecode.swift; path = Extension.swift; sourceTree = "<group>"; };
		52FA8F7D2330A6F70091EBD7 /* Utilities.swift */ = {isa = PBXFileReference; lastKnownFileType = sourcecode.swift; path = Utilities.swift; sourceTree = "<group>"; };
		52FA8F8123311ACB0091EBD7 /* Keepmate-Bridging-Header.h */ = {isa = PBXFileReference; fileEncoding = 4; lastKnownFileType = sourcecode.c.h; path = "Keepmate-Bridging-Header.h"; sourceTree = "<group>"; };
		CB56367AE35122E8D8C0B294 /* Pods-Keepmate.debug.xcconfig */ = {isa = PBXFileReference; includeInIndex = 1; lastKnownFileType = text.xcconfig; name = "Pods-Keepmate.debug.xcconfig"; path = "Target Support Files/Pods-Keepmate/Pods-Keepmate.debug.xcconfig"; sourceTree = "<group>"; };
		EBF4D911ABAE63A4CC6B7BB3 /* Pods-Keepmate.release.xcconfig */ = {isa = PBXFileReference; includeInIndex = 1; lastKnownFileType = text.xcconfig; name = "Pods-Keepmate.release.xcconfig"; path = "Target Support Files/Pods-Keepmate/Pods-Keepmate.release.xcconfig"; sourceTree = "<group>"; };
/* End PBXFileReference section */

/* Begin PBXFrameworksBuildPhase section */
		52A6D63522D89F1400D0670B /* Frameworks */ = {
			isa = PBXFrameworksBuildPhase;
			buildActionMask = 2147483647;
			files = (
				B82F25B8491E9A70F4EA7785 /* Pods_Keepmate.framework in Frameworks */,
			);
			runOnlyForDeploymentPostprocessing = 0;
		};
/* End PBXFrameworksBuildPhase section */

/* Begin PBXGroup section */
		52577EB5232BAEDA00E18517 /* LoginAndRegister */ = {
			isa = PBXGroup;
			children = (
				52577EB6232BAF1300E18517 /* RegisterViewController.swift */,
				5241F934232C80C600662488 /* LoginViewController.swift */,
			);
			path = LoginAndRegister;
			sourceTree = "<group>";
		};
		529262BA23430AEF00C7E24D /* Settings */ = {
			isa = PBXGroup;
			children = (
				5241F942232CD84D00662488 /* SettingsTableViewController.swift */,
				529262BB23430B4F00C7E24D /* AccountSettingsTableViewController.swift */,
				529262BE23433DCC00C7E24D /* UpdateProfileInfoViewController.swift */,
				520BCFE12346F7FA0012C8DA /* UpdateProfileInfoTableViewCell.swift */,
			);
			path = Settings;
			sourceTree = "<group>";
		};
		52A6D62F22D89F1400D0670B = {
			isa = PBXGroup;
			children = (
				52EF59EC22FD07AC00FC8263 /* SqueezeNet.mlmodel */,
				52EF59EA22FC68F200FC8263 /* Sunrise.mp4 */,
				52A6D63A22D89F1400D0670B /* Keepmate */,
				52A6D63922D89F1400D0670B /* Products */,
				A927E56BF05A991B02C5B348 /* Pods */,
				C4AC3EEB2C88F108044FC38F /* Frameworks */,
			);
			sourceTree = "<group>";
		};
		52A6D63922D89F1400D0670B /* Products */ = {
			isa = PBXGroup;
			children = (
				52A6D63822D89F1400D0670B /* Keepmate.app */,
			);
			name = Products;
			sourceTree = "<group>";
		};
		52A6D63A22D89F1400D0670B /* Keepmate */ = {
			isa = PBXGroup;
			children = (
				52C9B62623237886005962A3 /* Supporting Files */,
				52A6D65322D8AF1A00D0670B /* Utilities */,
				52A6D65922D8B77B00D0670B /* Assets.xcassets */,
				52A6D65522D8AF4D00D0670B /* Views */,
				52A6D65422D8AF3B00D0670B /* Models */,
				52EF59E622FC66E600FC8263 /* Source */,
				52A6D64D22D8AE7B00D0670B /* Controllers */,
			);
			path = Keepmate;
			sourceTree = "<group>";
		};
		52A6D64D22D8AE7B00D0670B /* Controllers */ = {
			isa = PBXGroup;
			children = (
				529262BA23430AEF00C7E24D /* Settings */,
				52577EB5232BAEDA00E18517 /* LoginAndRegister */,
				52A6D63D22D89F1400D0670B /* ViewController.swift */,
				52A1A58C22DF7C0B000D71F2 /* ProfilelViewController.swift */,
				52F064DF22F911A00023266D /* LibraryViewController.swift */,
				52F064E322FB00B90023266D /* WorkoutViewController.swift */,
				52A6D64E22D8AEA400D0670B /* BWWalkthrough */,
			);
			path = Controllers;
			sourceTree = "<group>";
		};
		52A6D64E22D8AEA400D0670B /* BWWalkthrough */ = {
			isa = PBXGroup;
			children = (
				52A6D64F22D8AEE700D0670B /* BWWalkthroughPageViewController.swift */,
				52A6D65022D8AEE700D0670B /* BWWalkthroughViewController.swift */,
			);
			path = BWWalkthrough;
			sourceTree = "<group>";
		};
		52A6D65322D8AF1A00D0670B /* Utilities */ = {
			isa = PBXGroup;
			children = (
				52FA8F7B232FCF010091EBD7 /* Extension.swift */,
				52FA8F7D2330A6F70091EBD7 /* Utilities.swift */,
			);
			path = Utilities;
			sourceTree = "<group>";
		};
		52A6D65422D8AF3B00D0670B /* Models */ = {
			isa = PBXGroup;
			children = (
			);
			path = Models;
			sourceTree = "<group>";
		};
		52A6D65522D8AF4D00D0670B /* Views */ = {
			isa = PBXGroup;
			children = (
				52A6D65622D8B2DD00D0670B /* Storyboards */,
			);
			path = Views;
			sourceTree = "<group>";
		};
		52A6D65622D8B2DD00D0670B /* Storyboards */ = {
			isa = PBXGroup;
			children = (
				52A6D63F22D89F1400D0670B /* Main.storyboard */,
				52A6D65722D8B33B00D0670B /* BWWalkthrough.storyboard */,
				52577EB3232B83AE00E18517 /* LoginAndRegister.storyboard */,
				52A6D64422D89F1500D0670B /* LaunchScreen.storyboard */,
				529262B8234301AF00C7E24D /* Settings.storyboard */,
			);
			path = Storyboards;
			sourceTree = "<group>";
		};
		52C9B62623237886005962A3 /* Supporting Files */ = {
			isa = PBXGroup;
			children = (
				52A6D64722D89F1500D0670B /* Info.plist */,
				52A6D63B22D89F1400D0670B /* AppDelegate.swift */,
				52FA8F8123311ACB0091EBD7 /* Keepmate-Bridging-Header.h */,
			);
			path = "Supporting Files";
			sourceTree = "<group>";
		};
		52EF59E622FC66E600FC8263 /* Source */ = {
			isa = PBXGroup;
			children = (
				52EF59E922FC68BC00FC8263 /* Video */,
			);
			path = Source;
			sourceTree = "<group>";
		};
		52EF59E922FC68BC00FC8263 /* Video */ = {
			isa = PBXGroup;
			children = (
			);
			path = Video;
			sourceTree = "<group>";
		};
		52FA6F68233BBE1D003AA0AE /* Products */ = {
			isa = PBXGroup;
			children = (
				52FA6F6F233BBE1D003AA0AE /* ChameleonFramework.framework */,
				52FA6F71233BBE1D003AA0AE /* Pods_Keepmate.framework */,
				52FA6F73233BBE1D003AA0AE /* SVProgressHUD.framework */,
			);
			name = Products;
			sourceTree = "<group>";
		};
		A927E56BF05A991B02C5B348 /* Pods */ = {
			isa = PBXGroup;
			children = (
				52FA6F67233BBE1D003AA0AE /* Pods.xcodeproj */,
				CB56367AE35122E8D8C0B294 /* Pods-Keepmate.debug.xcconfig */,
				EBF4D911ABAE63A4CC6B7BB3 /* Pods-Keepmate.release.xcconfig */,
			);
			path = Pods;
			sourceTree = "<group>";
		};
		C4AC3EEB2C88F108044FC38F /* Frameworks */ = {
			isa = PBXGroup;
			children = (
				28F5A560D6A5D1072EB41449 /* Pods_Keepmate.framework */,
			);
			name = Frameworks;
			sourceTree = "<group>";
		};
/* End PBXGroup section */

/* Begin PBXNativeTarget section */
		52A6D63722D89F1400D0670B /* Keepmate */ = {
			isa = PBXNativeTarget;
			buildConfigurationList = 52A6D64A22D89F1500D0670B /* Build configuration list for PBXNativeTarget "Keepmate" */;
			buildPhases = (
				C02697D8BA8FC91647E884D7 /* [CP] Check Pods Manifest.lock */,
				52A6D63422D89F1400D0670B /* Sources */,
				52A6D63522D89F1400D0670B /* Frameworks */,
				52A6D63622D89F1400D0670B /* Resources */,
				292EB502B50DDE74C502F838 /* [CP] Embed Pods Frameworks */,
			);
			buildRules = (
			);
			dependencies = (
			);
			name = Keepmate;
			productName = Keepmate;
			productReference = 52A6D63822D89F1400D0670B /* Keepmate.app */;
			productType = "com.apple.product-type.application";
		};
/* End PBXNativeTarget section */

/* Begin PBXProject section */
		52A6D63022D89F1400D0670B /* Project object */ = {
			isa = PBXProject;
			attributes = {
				LastSwiftUpdateCheck = 1020;
				LastUpgradeCheck = 1020;
				ORGANIZATIONNAME = "Rodrick Dai";
				TargetAttributes = {
					52A6D63722D89F1400D0670B = {
						CreatedOnToolsVersion = 10.2.1;
						LastSwiftMigration = 1030;
						SystemCapabilities = {
							com.apple.BackgroundModes = {
								enabled = 0;
							};
						};
					};
				};
			};
			buildConfigurationList = 52A6D63322D89F1400D0670B /* Build configuration list for PBXProject "Keepmate" */;
			compatibilityVersion = "Xcode 9.3";
			developmentRegion = en;
			hasScannedForEncodings = 0;
			knownRegions = (
				en,
				Base,
			);
			mainGroup = 52A6D62F22D89F1400D0670B;
			productRefGroup = 52A6D63922D89F1400D0670B /* Products */;
			projectDirPath = "";
			projectReferences = (
				{
					ProductGroup = 52FA6F68233BBE1D003AA0AE /* Products */;
					ProjectRef = 52FA6F67233BBE1D003AA0AE /* Pods.xcodeproj */;
				},
			);
			projectRoot = "";
			targets = (
				52A6D63722D89F1400D0670B /* Keepmate */,
			);
		};
/* End PBXProject section */

/* Begin PBXReferenceProxy section */
		52FA6F6F233BBE1D003AA0AE /* ChameleonFramework.framework */ = {
			isa = PBXReferenceProxy;
			fileType = wrapper.framework;
			path = ChameleonFramework.framework;
			remoteRef = 52FA6F6E233BBE1D003AA0AE /* PBXContainerItemProxy */;
			sourceTree = BUILT_PRODUCTS_DIR;
		};
		52FA6F71233BBE1D003AA0AE /* Pods_Keepmate.framework */ = {
			isa = PBXReferenceProxy;
			fileType = wrapper.framework;
			path = Pods_Keepmate.framework;
			remoteRef = 52FA6F70233BBE1D003AA0AE /* PBXContainerItemProxy */;
			sourceTree = BUILT_PRODUCTS_DIR;
		};
		52FA6F73233BBE1D003AA0AE /* SVProgressHUD.framework */ = {
			isa = PBXReferenceProxy;
			fileType = wrapper.framework;
			path = SVProgressHUD.framework;
			remoteRef = 52FA6F72233BBE1D003AA0AE /* PBXContainerItemProxy */;
			sourceTree = BUILT_PRODUCTS_DIR;
		};
/* End PBXReferenceProxy section */

/* Begin PBXResourcesBuildPhase section */
		52A6D63622D89F1400D0670B /* Resources */ = {
			isa = PBXResourcesBuildPhase;
			buildActionMask = 2147483647;
			files = (
				52EF59EB22FC68F200FC8263 /* Sunrise.mp4 in Resources */,
				52A6D65822D8B33B00D0670B /* BWWalkthrough.storyboard in Resources */,
				52A6D64622D89F1500D0670B /* LaunchScreen.storyboard in Resources */,
				52577EB4232B83AE00E18517 /* LoginAndRegister.storyboard in Resources */,
				52A6D65A22D8B77B00D0670B /* Assets.xcassets in Resources */,
				529262B9234301AF00C7E24D /* Settings.storyboard in Resources */,
				52A6D64122D89F1400D0670B /* Main.storyboard in Resources */,
			);
			runOnlyForDeploymentPostprocessing = 0;
		};
/* End PBXResourcesBuildPhase section */

/* Begin PBXShellScriptBuildPhase section */
		292EB502B50DDE74C502F838 /* [CP] Embed Pods Frameworks */ = {
			isa = PBXShellScriptBuildPhase;
			buildActionMask = 2147483647;
			files = (
			);
			inputFileListPaths = (
				"${PODS_ROOT}/Target Support Files/Pods-Keepmate/Pods-Keepmate-frameworks-${CONFIGURATION}-input-files.xcfilelist",
			);
			name = "[CP] Embed Pods Frameworks";
			outputFileListPaths = (
				"${PODS_ROOT}/Target Support Files/Pods-Keepmate/Pods-Keepmate-frameworks-${CONFIGURATION}-output-files.xcfilelist",
			);
			runOnlyForDeploymentPostprocessing = 0;
			shellPath = /bin/sh;
			shellScript = "\"${PODS_ROOT}/Target Support Files/Pods-Keepmate/Pods-Keepmate-frameworks.sh\"\n";
			showEnvVarsInLog = 0;
		};
		C02697D8BA8FC91647E884D7 /* [CP] Check Pods Manifest.lock */ = {
			isa = PBXShellScriptBuildPhase;
			buildActionMask = 2147483647;
			files = (
			);
			inputFileListPaths = (
			);
			inputPaths = (
				"${PODS_PODFILE_DIR_PATH}/Podfile.lock",
				"${PODS_ROOT}/Manifest.lock",
			);
			name = "[CP] Check Pods Manifest.lock";
			outputFileListPaths = (
			);
			outputPaths = (
				"$(DERIVED_FILE_DIR)/Pods-Keepmate-checkManifestLockResult.txt",
			);
			runOnlyForDeploymentPostprocessing = 0;
			shellPath = /bin/sh;
			shellScript = "diff \"${PODS_PODFILE_DIR_PATH}/Podfile.lock\" \"${PODS_ROOT}/Manifest.lock\" > /dev/null\nif [ $? != 0 ] ; then\n    # print error to STDERR\n    echo \"error: The sandbox is not in sync with the Podfile.lock. Run 'pod install' or update your CocoaPods installation.\" >&2\n    exit 1\nfi\n# This output is used by Xcode 'outputs' to avoid re-running this script phase.\necho \"SUCCESS\" > \"${SCRIPT_OUTPUT_FILE_0}\"\n";
			showEnvVarsInLog = 0;
		};
/* End PBXShellScriptBuildPhase section */

/* Begin PBXSourcesBuildPhase section */
		52A6D63422D89F1400D0670B /* Sources */ = {
			isa = PBXSourcesBuildPhase;
			buildActionMask = 2147483647;
			files = (
				529262BC23430B4F00C7E24D /* AccountSettingsTableViewController.swift in Sources */,
				52577EB7232BAF1300E18517 /* RegisterViewController.swift in Sources */,
				520BCFE22346F7FA0012C8DA /* UpdateProfileInfoTableViewCell.swift in Sources */,
				529262BF23433DCC00C7E24D /* UpdateProfileInfoViewController.swift in Sources */,
				52F064E422FB00B90023266D /* WorkoutViewController.swift in Sources */,
				52A6D65222D8AEE700D0670B /* BWWalkthroughViewController.swift in Sources */,
				52FA8F7C232FCF010091EBD7 /* Extension.swift in Sources */,
				52FA8F7E2330A6F70091EBD7 /* Utilities.swift in Sources */,
				5241F943232CD84D00662488 /* SettingsTableViewController.swift in Sources */,
				52A6D65122D8AEE700D0670B /* BWWalkthroughPageViewController.swift in Sources */,
				52EF59ED22FD07AC00FC8263 /* SqueezeNet.mlmodel in Sources */,
				52A6D63E22D89F1400D0670B /* ViewController.swift in Sources */,
				52A1A58D22DF7C0B000D71F2 /* ProfilelViewController.swift in Sources */,
				52F064E022F911A00023266D /* LibraryViewController.swift in Sources */,
				5241F935232C80C600662488 /* LoginViewController.swift in Sources */,
				52A6D63C22D89F1400D0670B /* AppDelegate.swift in Sources */,
			);
			runOnlyForDeploymentPostprocessing = 0;
		};
/* End PBXSourcesBuildPhase section */

/* Begin PBXVariantGroup section */
		52A6D63F22D89F1400D0670B /* Main.storyboard */ = {
			isa = PBXVariantGroup;
			children = (
				52A6D64022D89F1400D0670B /* Base */,
			);
			name = Main.storyboard;
			sourceTree = "<group>";
		};
		52A6D64422D89F1500D0670B /* LaunchScreen.storyboard */ = {
			isa = PBXVariantGroup;
			children = (
				52A6D64522D89F1500D0670B /* Base */,
			);
			name = LaunchScreen.storyboard;
			sourceTree = "<group>";
		};
/* End PBXVariantGroup section */

/* Begin XCBuildConfiguration section */
		52A6D64822D89F1500D0670B /* Debug */ = {
			isa = XCBuildConfiguration;
			buildSettings = {
				ALWAYS_SEARCH_USER_PATHS = NO;
				CLANG_ANALYZER_NONNULL = YES;
				CLANG_ANALYZER_NUMBER_OBJECT_CONVERSION = YES_AGGRESSIVE;
				CLANG_CXX_LANGUAGE_STANDARD = "gnu++14";
				CLANG_CXX_LIBRARY = "libc++";
				CLANG_ENABLE_MODULES = YES;
				CLANG_ENABLE_OBJC_ARC = YES;
				CLANG_ENABLE_OBJC_WEAK = YES;
				CLANG_WARN_BLOCK_CAPTURE_AUTORELEASING = YES;
				CLANG_WARN_BOOL_CONVERSION = YES;
				CLANG_WARN_COMMA = YES;
				CLANG_WARN_CONSTANT_CONVERSION = YES;
				CLANG_WARN_DEPRECATED_OBJC_IMPLEMENTATIONS = YES;
				CLANG_WARN_DIRECT_OBJC_ISA_USAGE = YES_ERROR;
				CLANG_WARN_DOCUMENTATION_COMMENTS = YES;
				CLANG_WARN_EMPTY_BODY = YES;
				CLANG_WARN_ENUM_CONVERSION = YES;
				CLANG_WARN_INFINITE_RECURSION = YES;
				CLANG_WARN_INT_CONVERSION = YES;
				CLANG_WARN_NON_LITERAL_NULL_CONVERSION = YES;
				CLANG_WARN_OBJC_IMPLICIT_RETAIN_SELF = YES;
				CLANG_WARN_OBJC_LITERAL_CONVERSION = YES;
				CLANG_WARN_OBJC_ROOT_CLASS = YES_ERROR;
				CLANG_WARN_RANGE_LOOP_ANALYSIS = YES;
				CLANG_WARN_STRICT_PROTOTYPES = YES;
				CLANG_WARN_SUSPICIOUS_MOVE = YES;
				CLANG_WARN_UNGUARDED_AVAILABILITY = YES_AGGRESSIVE;
				CLANG_WARN_UNREACHABLE_CODE = YES;
				CLANG_WARN__DUPLICATE_METHOD_MATCH = YES;
				CODE_SIGN_IDENTITY = "iPhone Developer";
				COPY_PHASE_STRIP = NO;
				DEBUG_INFORMATION_FORMAT = dwarf;
				ENABLE_STRICT_OBJC_MSGSEND = YES;
				ENABLE_TESTABILITY = YES;
				GCC_C_LANGUAGE_STANDARD = gnu11;
				GCC_DYNAMIC_NO_PIC = NO;
				GCC_NO_COMMON_BLOCKS = YES;
				GCC_OPTIMIZATION_LEVEL = 0;
				GCC_PREPROCESSOR_DEFINITIONS = (
					"DEBUG=1",
					"$(inherited)",
				);
				GCC_WARN_64_TO_32_BIT_CONVERSION = YES;
				GCC_WARN_ABOUT_RETURN_TYPE = YES_ERROR;
				GCC_WARN_UNDECLARED_SELECTOR = YES;
				GCC_WARN_UNINITIALIZED_AUTOS = YES_AGGRESSIVE;
				GCC_WARN_UNUSED_FUNCTION = YES;
				GCC_WARN_UNUSED_VARIABLE = YES;
				IPHONEOS_DEPLOYMENT_TARGET = 12.2;
				MTL_ENABLE_DEBUG_INFO = INCLUDE_SOURCE;
				MTL_FAST_MATH = YES;
				ONLY_ACTIVE_ARCH = YES;
				SDKROOT = iphoneos;
				SWIFT_ACTIVE_COMPILATION_CONDITIONS = DEBUG;
				SWIFT_OPTIMIZATION_LEVEL = "-Onone";
			};
			name = Debug;
		};
		52A6D64922D89F1500D0670B /* Release */ = {
			isa = XCBuildConfiguration;
			buildSettings = {
				ALWAYS_SEARCH_USER_PATHS = NO;
				CLANG_ANALYZER_NONNULL = YES;
				CLANG_ANALYZER_NUMBER_OBJECT_CONVERSION = YES_AGGRESSIVE;
				CLANG_CXX_LANGUAGE_STANDARD = "gnu++14";
				CLANG_CXX_LIBRARY = "libc++";
				CLANG_ENABLE_MODULES = YES;
				CLANG_ENABLE_OBJC_ARC = YES;
				CLANG_ENABLE_OBJC_WEAK = YES;
				CLANG_WARN_BLOCK_CAPTURE_AUTORELEASING = YES;
				CLANG_WARN_BOOL_CONVERSION = YES;
				CLANG_WARN_COMMA = YES;
				CLANG_WARN_CONSTANT_CONVERSION = YES;
				CLANG_WARN_DEPRECATED_OBJC_IMPLEMENTATIONS = YES;
				CLANG_WARN_DIRECT_OBJC_ISA_USAGE = YES_ERROR;
				CLANG_WARN_DOCUMENTATION_COMMENTS = YES;
				CLANG_WARN_EMPTY_BODY = YES;
				CLANG_WARN_ENUM_CONVERSION = YES;
				CLANG_WARN_INFINITE_RECURSION = YES;
				CLANG_WARN_INT_CONVERSION = YES;
				CLANG_WARN_NON_LITERAL_NULL_CONVERSION = YES;
				CLANG_WARN_OBJC_IMPLICIT_RETAIN_SELF = YES;
				CLANG_WARN_OBJC_LITERAL_CONVERSION = YES;
				CLANG_WARN_OBJC_ROOT_CLASS = YES_ERROR;
				CLANG_WARN_RANGE_LOOP_ANALYSIS = YES;
				CLANG_WARN_STRICT_PROTOTYPES = YES;
				CLANG_WARN_SUSPICIOUS_MOVE = YES;
				CLANG_WARN_UNGUARDED_AVAILABILITY = YES_AGGRESSIVE;
				CLANG_WARN_UNREACHABLE_CODE = YES;
				CLANG_WARN__DUPLICATE_METHOD_MATCH = YES;
				CODE_SIGN_IDENTITY = "iPhone Developer";
				COPY_PHASE_STRIP = NO;
				DEBUG_INFORMATION_FORMAT = "dwarf-with-dsym";
				ENABLE_NS_ASSERTIONS = NO;
				ENABLE_STRICT_OBJC_MSGSEND = YES;
				GCC_C_LANGUAGE_STANDARD = gnu11;
				GCC_NO_COMMON_BLOCKS = YES;
				GCC_WARN_64_TO_32_BIT_CONVERSION = YES;
				GCC_WARN_ABOUT_RETURN_TYPE = YES_ERROR;
				GCC_WARN_UNDECLARED_SELECTOR = YES;
				GCC_WARN_UNINITIALIZED_AUTOS = YES_AGGRESSIVE;
				GCC_WARN_UNUSED_FUNCTION = YES;
				GCC_WARN_UNUSED_VARIABLE = YES;
				IPHONEOS_DEPLOYMENT_TARGET = 12.2;
				MTL_ENABLE_DEBUG_INFO = NO;
				MTL_FAST_MATH = YES;
				SDKROOT = iphoneos;
				SWIFT_COMPILATION_MODE = wholemodule;
				SWIFT_OPTIMIZATION_LEVEL = "-O";
				VALIDATE_PRODUCT = YES;
			};
			name = Release;
		};
		52A6D64B22D89F1500D0670B /* Debug */ = {
			isa = XCBuildConfiguration;
			baseConfigurationReference = CB56367AE35122E8D8C0B294 /* Pods-Keepmate.debug.xcconfig */;
			buildSettings = {
				ASSETCATALOG_COMPILER_APPICON_NAME = AppIcon;
				ASSETCATALOG_COMPILER_LAUNCHIMAGE_NAME = LaunchImage;
				CLANG_ENABLE_MODULES = YES;
				CODE_SIGN_STYLE = Automatic;
				DEVELOPMENT_TEAM = YZCDVJBQY3;
				ENABLE_BITCODE = NO;
				INFOPLIST_FILE = "Keepmate/Supporting Files/Info.plist";
				IPHONEOS_DEPLOYMENT_TARGET = 13.0;
				LD_RUNPATH_SEARCH_PATHS = (
					"$(inherited)",
					"@executable_path/Frameworks",
				);
				PRODUCT_BUNDLE_IDENTIFIER = Rodrick.Keepmate;
				PRODUCT_NAME = "$(TARGET_NAME)";
				SWIFT_OBJC_BRIDGING_HEADER = "Keepmate/Supporting Files/Keepmate-Bridging-Header.h";
				SWIFT_OPTIMIZATION_LEVEL = "-Onone";
				SWIFT_VERSION = 5.0;
				TARGETED_DEVICE_FAMILY = 1;
			};
			name = Debug;
		};
		52A6D64C22D89F1500D0670B /* Release */ = {
			isa = XCBuildConfiguration;
			baseConfigurationReference = EBF4D911ABAE63A4CC6B7BB3 /* Pods-Keepmate.release.xcconfig */;
			buildSettings = {
				ASSETCATALOG_COMPILER_APPICON_NAME = AppIcon;
				ASSETCATALOG_COMPILER_LAUNCHIMAGE_NAME = LaunchImage;
				CLANG_ENABLE_MODULES = YES;
				CODE_SIGN_STYLE = Automatic;
				DEVELOPMENT_TEAM = YZCDVJBQY3;
				ENABLE_BITCODE = NO;
				INFOPLIST_FILE = "Keepmate/Supporting Files/Info.plist";
				IPHONEOS_DEPLOYMENT_TARGET = 13.0;
				LD_RUNPATH_SEARCH_PATHS = (
					"$(inherited)",
					"@executable_path/Frameworks",
				);
				PRODUCT_BUNDLE_IDENTIFIER = Rodrick.Keepmate;
				PRODUCT_NAME = "$(TARGET_NAME)";
				SWIFT_OBJC_BRIDGING_HEADER = "Keepmate/Supporting Files/Keepmate-Bridging-Header.h";
				SWIFT_VERSION = 5.0;
				TARGETED_DEVICE_FAMILY = 1;
			};
			name = Release;
		};
/* End XCBuildConfiguration section */

/* Begin XCConfigurationList section */
		52A6D63322D89F1400D0670B /* Build configuration list for PBXProject "Keepmate" */ = {
			isa = XCConfigurationList;
			buildConfigurations = (
				52A6D64822D89F1500D0670B /* Debug */,
				52A6D64922D89F1500D0670B /* Release */,
			);
			defaultConfigurationIsVisible = 0;
			defaultConfigurationName = Release;
		};
		52A6D64A22D89F1500D0670B /* Build configuration list for PBXNativeTarget "Keepmate" */ = {
			isa = XCConfigurationList;
			buildConfigurations = (
				52A6D64B22D89F1500D0670B /* Debug */,
				52A6D64C22D89F1500D0670B /* Release */,
			);
			defaultConfigurationIsVisible = 0;
			defaultConfigurationName = Release;
		};
/* End XCConfigurationList section */
	};
	rootObject = 52A6D63022D89F1400D0670B /* Project object */;
}
