// !$*UTF8*$!
{
	archiveVersion = 1;
	classes = {
	};
	objectVersion = 50;
	objects = {

/* Begin PBXBuildFile section */
		52A1A58D22DF7C0B000D71F2 /* ProfilelViewController.swift in Sources */ = {isa = PBXBuildFile; fileRef = 52A1A58C22DF7C0B000D71F2 /* ProfilelViewController.swift */; };
		52A6D63C22D89F1400D0670B /* AppDelegate.swift in Sources */ = {isa = PBXBuildFile; fileRef = 52A6D63B22D89F1400D0670B /* AppDelegate.swift */; };
		52A6D63E22D89F1400D0670B /* ViewController.swift in Sources */ = {isa = PBXBuildFile; fileRef = 52A6D63D22D89F1400D0670B /* ViewController.swift */; };
		52A6D64122D89F1400D0670B /* Main.storyboard in Resources */ = {isa = PBXBuildFile; fileRef = 52A6D63F22D89F1400D0670B /* Main.storyboard */; };
		52A6D64622D89F1500D0670B /* LaunchScreen.storyboard in Resources */ = {isa = PBXBuildFile; fileRef = 52A6D64422D89F1500D0670B /* LaunchScreen.storyboard */; };
		52A6D65122D8AEE700D0670B /* BWWalkthroughPageViewController.swift in Sources */ = {isa = PBXBuildFile; fileRef = 52A6D64F22D8AEE700D0670B /* BWWalkthroughPageViewController.swift */; };
		52A6D65222D8AEE700D0670B /* BWWalkthroughViewController.swift in Sources */ = {isa = PBXBuildFile; fileRef = 52A6D65022D8AEE700D0670B /* BWWalkthroughViewController.swift */; };
		52A6D65822D8B33B00D0670B /* BWWalkthrough.storyboard in Resources */ = {isa = PBXBuildFile; fileRef = 52A6D65722D8B33B00D0670B /* BWWalkthrough.storyboard */; };
		52A6D65A22D8B77B00D0670B /* Assets.xcassets in Resources */ = {isa = PBXBuildFile; fileRef = 52A6D65922D8B77B00D0670B /* Assets.xcassets */; };
		52EF59EB22FC68F200FC8263 /* Sunrise.mp4 in Resources */ = {isa = PBXBuildFile; fileRef = 52EF59EA22FC68F200FC8263 /* Sunrise.mp4 */; };
		52EF59ED22FD07AC00FC8263 /* SqueezeNet.mlmodel in Sources */ = {isa = PBXBuildFile; fileRef = 52EF59EC22FD07AC00FC8263 /* SqueezeNet.mlmodel */; };
		52F064E022F911A00023266D /* LibraryViewController.swift in Sources */ = {isa = PBXBuildFile; fileRef = 52F064DF22F911A00023266D /* LibraryViewController.swift */; };
		52F064E422FB00B90023266D /* WorkoutViewController.swift in Sources */ = {isa = PBXBuildFile; fileRef = 52F064E322FB00B90023266D /* WorkoutViewController.swift */; };
/* End PBXBuildFile section */

/* Begin PBXFileReference section */
		52A1A58C22DF7C0B000D71F2 /* ProfilelViewController.swift */ = {isa = PBXFileReference; lastKnownFileType = sourcecode.swift; path = ProfilelViewController.swift; sourceTree = "<group>"; };
		52A6D63822D89F1400D0670B /* Keepmate.app */ = {isa = PBXFileReference; explicitFileType = wrapper.application; includeInIndex = 0; path = Keepmate.app; sourceTree = BUILT_PRODUCTS_DIR; };
		52A6D63B22D89F1400D0670B /* AppDelegate.swift */ = {isa = PBXFileReference; lastKnownFileType = sourcecode.swift; path = AppDelegate.swift; sourceTree = "<group>"; };
		52A6D63D22D89F1400D0670B /* ViewController.swift */ = {isa = PBXFileReference; lastKnownFileType = sourcecode.swift; path = ViewController.swift; sourceTree = "<group>"; };
		52A6D64022D89F1400D0670B /* Base */ = {isa = PBXFileReference; lastKnownFileType = file.storyboard; name = Base; path = Base.lproj/Main.storyboard; sourceTree = "<group>"; };
		52A6D64522D89F1500D0670B /* Base */ = {isa = PBXFileReference; lastKnownFileType = file.storyboard; name = Base; path = Base.lproj/LaunchScreen.storyboard; sourceTree = "<group>"; };
		52A6D64722D89F1500D0670B /* Info.plist */ = {isa = PBXFileReference; lastKnownFileType = text.plist.xml; path = Info.plist; sourceTree = "<group>"; };
		52A6D64F22D8AEE700D0670B /* BWWalkthroughPageViewController.swift */ = {isa = PBXFileReference; fileEncoding = 4; lastKnownFileType = sourcecode.swift; path = BWWalkthroughPageViewController.swift; sourceTree = "<group>"; };
		52A6D65022D8AEE700D0670B /* BWWalkthroughViewController.swift */ = {isa = PBXFileReference; fileEncoding = 4; lastKnownFileType = sourcecode.swift; path = BWWalkthroughViewController.swift; sourceTree = "<group>"; };
		52A6D65722D8B33B00D0670B /* BWWalkthrough.storyboard */ = {isa = PBXFileReference; lastKnownFileType = file.storyboard; path = BWWalkthrough.storyboard; sourceTree = "<group>"; };
		52A6D65922D8B77B00D0670B /* Assets.xcassets */ = {isa = PBXFileReference; lastKnownFileType = folder.assetcatalog; path = Assets.xcassets; sourceTree = "<group>"; };
		52EF59EA22FC68F200FC8263 /* Sunrise.mp4 */ = {isa = PBXFileReference; lastKnownFileType = file; name = Sunrise.mp4; path = Keepmate/Source/Video/Sunrise.mp4; sourceTree = "<group>"; };
		52EF59EC22FD07AC00FC8263 /* SqueezeNet.mlmodel */ = {isa = PBXFileReference; lastKnownFileType = file.mlmodel; path = SqueezeNet.mlmodel; sourceTree = "<group>"; };
		52F064DF22F911A00023266D /* LibraryViewController.swift */ = {isa = PBXFileReference; lastKnownFileType = sourcecode.swift; path = LibraryViewController.swift; sourceTree = "<group>"; };
		52F064E322FB00B90023266D /* WorkoutViewController.swift */ = {isa = PBXFileReference; lastKnownFileType = sourcecode.swift; path = WorkoutViewController.swift; sourceTree = "<group>"; };
/* End PBXFileReference section */

/* Begin PBXFrameworksBuildPhase section */
		52A6D63522D89F1400D0670B /* Frameworks */ = {
			isa = PBXFrameworksBuildPhase;
			buildActionMask = 2147483647;
			files = (
			);
			runOnlyForDeploymentPostprocessing = 0;
		};
/* End PBXFrameworksBuildPhase section */

/* Begin PBXGroup section */
		52A6D62F22D89F1400D0670B = {
			isa = PBXGroup;
			children = (
				52EF59EC22FD07AC00FC8263 /* SqueezeNet.mlmodel */,
				52EF59EA22FC68F200FC8263 /* Sunrise.mp4 */,
				52A6D63A22D89F1400D0670B /* Keepmate */,
				52A6D63922D89F1400D0670B /* Products */,
			);
			sourceTree = "<group>";
		};
		52A6D63922D89F1400D0670B /* Products */ = {
			isa = PBXGroup;
			children = (
				52A6D63822D89F1400D0670B /* Keepmate.app */,
			);
			name = Products;
			sourceTree = "<group>";
		};
		52A6D63A22D89F1400D0670B /* Keepmate */ = {
			isa = PBXGroup;
			children = (
				52C9B62623237886005962A3 /* Supporting Files */,
				52A6D65322D8AF1A00D0670B /* Utils */,
				52A6D65922D8B77B00D0670B /* Assets.xcassets */,
				52A6D65522D8AF4D00D0670B /* Views */,
				52A6D65422D8AF3B00D0670B /* Models */,
				52EF59E622FC66E600FC8263 /* Source */,
				52A6D63B22D89F1400D0670B /* AppDelegate.swift */,
				52A6D64422D89F1500D0670B /* LaunchScreen.storyboard */,
				52A6D64D22D8AE7B00D0670B /* Controllers */,
			);
			path = Keepmate;
			sourceTree = "<group>";
		};
		52A6D64D22D8AE7B00D0670B /* Controllers */ = {
			isa = PBXGroup;
			children = (
				52A6D63D22D89F1400D0670B /* ViewController.swift */,
				52A1A58C22DF7C0B000D71F2 /* ProfilelViewController.swift */,
				52F064DF22F911A00023266D /* LibraryViewController.swift */,
				52F064E322FB00B90023266D /* WorkoutViewController.swift */,
				52A6D64E22D8AEA400D0670B /* BWWalkthrough */,
			);
			path = Controllers;
			sourceTree = "<group>";
		};
		52A6D64E22D8AEA400D0670B /* BWWalkthrough */ = {
			isa = PBXGroup;
			children = (
				52A6D64F22D8AEE700D0670B /* BWWalkthroughPageViewController.swift */,
				52A6D65022D8AEE700D0670B /* BWWalkthroughViewController.swift */,
			);
			path = BWWalkthrough;
			sourceTree = "<group>";
		};
		52A6D65322D8AF1A00D0670B /* Utils */ = {
			isa = PBXGroup;
			children = (
			);
			path = Utils;
			sourceTree = "<group>";
		};
		52A6D65422D8AF3B00D0670B /* Models */ = {
			isa = PBXGroup;
			children = (
			);
			path = Models;
			sourceTree = "<group>";
		};
		52A6D65522D8AF4D00D0670B /* Views */ = {
			isa = PBXGroup;
			children = (
				52A6D65622D8B2DD00D0670B /* Storyboards */,
			);
			path = Views;
			sourceTree = "<group>";
		};
		52A6D65622D8B2DD00D0670B /* Storyboards */ = {
			isa = PBXGroup;
			children = (
				52A6D63F22D89F1400D0670B /* Main.storyboard */,
				52A6D65722D8B33B00D0670B /* BWWalkthrough.storyboard */,
			);
			path = Storyboards;
			sourceTree = "<group>";
		};
		52C9B62623237886005962A3 /* Supporting Files */ = {
			isa = PBXGroup;
			children = (
				52A6D64722D89F1500D0670B /* Info.plist */,
			);
			path = "Supporting Files";
			sourceTree = "<group>";
		};
		52EF59E622FC66E600FC8263 /* Source */ = {
			isa = PBXGroup;
			children = (
				52EF59E922FC68BC00FC8263 /* Video */,
			);
			path = Source;
			sourceTree = "<group>";
		};
		52EF59E922FC68BC00FC8263 /* Video */ = {
			isa = PBXGroup;
			children = (
			);
			path = Video;
			sourceTree = "<group>";
		};
/* End PBXGroup section */

/* Begin PBXNativeTarget section */
		52A6D63722D89F1400D0670B /* Keepmate */ = {
			isa = PBXNativeTarget;
			buildConfigurationList = 52A6D64A22D89F1500D0670B /* Build configuration list for PBXNativeTarget "Keepmate" */;
			buildPhases = (
				52A6D63422D89F1400D0670B /* Sources */,
				52A6D63522D89F1400D0670B /* Frameworks */,
				52A6D63622D89F1400D0670B /* Resources */,
			);
			buildRules = (
			);
			dependencies = (
			);
			name = Keepmate;
			productName = Keepmate;
			productReference = 52A6D63822D89F1400D0670B /* Keepmate.app */;
			productType = "com.apple.product-type.application";
		};
/* End PBXNativeTarget section */

/* Begin PBXProject section */
		52A6D63022D89F1400D0670B /* Project object */ = {
			isa = PBXProject;
			attributes = {
				LastSwiftUpdateCheck = 1020;
				LastUpgradeCheck = 1020;
				ORGANIZATIONNAME = "Rodrick Dai";
				TargetAttributes = {
					52A6D63722D89F1400D0670B = {
						CreatedOnToolsVersion = 10.2.1;
						SystemCapabilities = {
							com.apple.BackgroundModes = {
								enabled = 0;
							};
						};
					};
				};
			};
			buildConfigurationList = 52A6D63322D89F1400D0670B /* Build configuration list for PBXProject "Keepmate" */;
			compatibilityVersion = "Xcode 9.3";
			developmentRegion = en;
			hasScannedForEncodings = 0;
			knownRegions = (
				en,
				Base,
			);
			mainGroup = 52A6D62F22D89F1400D0670B;
			productRefGroup = 52A6D63922D89F1400D0670B /* Products */;
			projectDirPath = "";
			projectRoot = "";
			targets = (
				52A6D63722D89F1400D0670B /* Keepmate */,
			);
		};
/* End PBXProject section */

/* Begin PBXResourcesBuildPhase section */
		52A6D63622D89F1400D0670B /* Resources */ = {
			isa = PBXResourcesBuildPhase;
			buildActionMask = 2147483647;
			files = (
				52EF59EB22FC68F200FC8263 /* Sunrise.mp4 in Resources */,
				52A6D65822D8B33B00D0670B /* BWWalkthrough.storyboard in Resources */,
				52A6D64622D89F1500D0670B /* LaunchScreen.storyboard in Resources */,
				52A6D65A22D8B77B00D0670B /* Assets.xcassets in Resources */,
				52A6D64122D89F1400D0670B /* Main.storyboard in Resources */,
			);
			runOnlyForDeploymentPostprocessing = 0;
		};
/* End PBXResourcesBuildPhase section */

/* Begin PBXSourcesBuildPhase section */
		52A6D63422D89F1400D0670B /* Sources */ = {
			isa = PBXSourcesBuildPhase;
			buildActionMask = 2147483647;
			files = (
				52F064E422FB00B90023266D /* WorkoutViewController.swift in Sources */,
				52A6D65222D8AEE700D0670B /* BWWalkthroughViewController.swift in Sources */,
				52A6D65122D8AEE700D0670B /* BWWalkthroughPageViewController.swift in Sources */,
				52EF59ED22FD07AC00FC8263 /* SqueezeNet.mlmodel in Sources */,
				52A6D63E22D89F1400D0670B /* ViewController.swift in Sources */,
				52A1A58D22DF7C0B000D71F2 /* ProfilelViewController.swift in Sources */,
				52F064E022F911A00023266D /* LibraryViewController.swift in Sources */,
				52A6D63C22D89F1400D0670B /* AppDelegate.swift in Sources */,
			);
			runOnlyForDeploymentPostprocessing = 0;
		};
/* End PBXSourcesBuildPhase section */

/* Begin PBXVariantGroup section */
		52A6D63F22D89F1400D0670B /* Main.storyboard */ = {
			isa = PBXVariantGroup;
			children = (
				52A6D64022D89F1400D0670B /* Base */,
			);
			name = Main.storyboard;
			sourceTree = "<group>";
		};
		52A6D64422D89F1500D0670B /* LaunchScreen.storyboard */ = {
			isa = PBXVariantGroup;
			children = (
				52A6D64522D89F1500D0670B /* Base */,
			);
			name = LaunchScreen.storyboard;
			sourceTree = "<group>";
		};
/* End PBXVariantGroup section */

/* Begin XCBuildConfiguration section */
		52A6D64822D89F1500D0670B /* Debug */ = {
			isa = XCBuildConfiguration;
			buildSettings = {
				ALWAYS_SEARCH_USER_PATHS = NO;
				CLANG_ANALYZER_NONNULL = YES;
				CLANG_ANALYZER_NUMBER_OBJECT_CONVERSION = YES_AGGRESSIVE;
				CLANG_CXX_LANGUAGE_STANDARD = "gnu++14";
				CLANG_CXX_LIBRARY = "libc++";
				CLANG_ENABLE_MODULES = YES;
				CLANG_ENABLE_OBJC_ARC = YES;
				CLANG_ENABLE_OBJC_WEAK = YES;
				CLANG_WARN_BLOCK_CAPTURE_AUTORELEASING = YES;
				CLANG_WARN_BOOL_CONVERSION = YES;
				CLANG_WARN_COMMA = YES;
				CLANG_WARN_CONSTANT_CONVERSION = YES;
				CLANG_WARN_DEPRECATED_OBJC_IMPLEMENTATIONS = YES;
				CLANG_WARN_DIRECT_OBJC_ISA_USAGE = YES_ERROR;
				CLANG_WARN_DOCUMENTATION_COMMENTS = YES;
				CLANG_WARN_EMPTY_BODY = YES;
				CLANG_WARN_ENUM_CONVERSION = YES;
				CLANG_WARN_INFINITE_RECURSION = YES;
				CLANG_WARN_INT_CONVERSION = YES;
				CLANG_WARN_NON_LITERAL_NULL_CONVERSION = YES;
				CLANG_WARN_OBJC_IMPLICIT_RETAIN_SELF = YES;
				CLANG_WARN_OBJC_LITERAL_CONVERSION = YES;
				CLANG_WARN_OBJC_ROOT_CLASS = YES_ERROR;
				CLANG_WARN_RANGE_LOOP_ANALYSIS = YES;
				CLANG_WARN_STRICT_PROTOTYPES = YES;
				CLANG_WARN_SUSPICIOUS_MOVE = YES;
				CLANG_WARN_UNGUARDED_AVAILABILITY = YES_AGGRESSIVE;
				CLANG_WARN_UNREACHABLE_CODE = YES;
				CLANG_WARN__DUPLICATE_METHOD_MATCH = YES;
				CODE_SIGN_IDENTITY = "iPhone Developer";
				COPY_PHASE_STRIP = NO;
				DEBUG_INFORMATION_FORMAT = dwarf;
				ENABLE_STRICT_OBJC_MSGSEND = YES;
				ENABLE_TESTABILITY = YES;
				GCC_C_LANGUAGE_STANDARD = gnu11;
				GCC_DYNAMIC_NO_PIC = NO;
				GCC_NO_COMMON_BLOCKS = YES;
				GCC_OPTIMIZATION_LEVEL = 0;
				GCC_PREPROCESSOR_DEFINITIONS = (
					"DEBUG=1",
					"$(inherited)",
				);
				GCC_WARN_64_TO_32_BIT_CONVERSION = YES;
				GCC_WARN_ABOUT_RETURN_TYPE = YES_ERROR;
				GCC_WARN_UNDECLARED_SELECTOR = YES;
				GCC_WARN_UNINITIALIZED_AUTOS = YES_AGGRESSIVE;
				GCC_WARN_UNUSED_FUNCTION = YES;
				GCC_WARN_UNUSED_VARIABLE = YES;
				IPHONEOS_DEPLOYMENT_TARGET = 12.2;
				MTL_ENABLE_DEBUG_INFO = INCLUDE_SOURCE;
				MTL_FAST_MATH = YES;
				ONLY_ACTIVE_ARCH = YES;
				SDKROOT = iphoneos;
				SWIFT_ACTIVE_COMPILATION_CONDITIONS = DEBUG;
				SWIFT_OPTIMIZATION_LEVEL = "-Onone";
			};
			name = Debug;
		};
		52A6D64922D89F1500D0670B /* Release */ = {
			isa = XCBuildConfiguration;
			buildSettings = {
				ALWAYS_SEARCH_USER_PATHS = NO;
				CLANG_ANALYZER_NONNULL = YES;
				CLANG_ANALYZER_NUMBER_OBJECT_CONVERSION = YES_AGGRESSIVE;
				CLANG_CXX_LANGUAGE_STANDARD = "gnu++14";
				CLANG_CXX_LIBRARY = "libc++";
				CLANG_ENABLE_MODULES = YES;
				CLANG_ENABLE_OBJC_ARC = YES;
				CLANG_ENABLE_OBJC_WEAK = YES;
				CLANG_WARN_BLOCK_CAPTURE_AUTORELEASING = YES;
				CLANG_WARN_BOOL_CONVERSION = YES;
				CLANG_WARN_COMMA = YES;
				CLANG_WARN_CONSTANT_CONVERSION = YES;
				CLANG_WARN_DEPRECATED_OBJC_IMPLEMENTATIONS = YES;
				CLANG_WARN_DIRECT_OBJC_ISA_USAGE = YES_ERROR;
				CLANG_WARN_DOCUMENTATION_COMMENTS = YES;
				CLANG_WARN_EMPTY_BODY = YES;
				CLANG_WARN_ENUM_CONVERSION = YES;
				CLANG_WARN_INFINITE_RECURSION = YES;
				CLANG_WARN_INT_CONVERSION = YES;
				CLANG_WARN_NON_LITERAL_NULL_CONVERSION = YES;
				CLANG_WARN_OBJC_IMPLICIT_RETAIN_SELF = YES;
				CLANG_WARN_OBJC_LITERAL_CONVERSION = YES;
				CLANG_WARN_OBJC_ROOT_CLASS = YES_ERROR;
				CLANG_WARN_RANGE_LOOP_ANALYSIS = YES;
				CLANG_WARN_STRICT_PROTOTYPES = YES;
				CLANG_WARN_SUSPICIOUS_MOVE = YES;
				CLANG_WARN_UNGUARDED_AVAILABILITY = YES_AGGRESSIVE;
				CLANG_WARN_UNREACHABLE_CODE = YES;
				CLANG_WARN__DUPLICATE_METHOD_MATCH = YES;
				CODE_SIGN_IDENTITY = "iPhone Developer";
				COPY_PHASE_STRIP = NO;
				DEBUG_INFORMATION_FORMAT = "dwarf-with-dsym";
				ENABLE_NS_ASSERTIONS = NO;
				ENABLE_STRICT_OBJC_MSGSEND = YES;
				GCC_C_LANGUAGE_STANDARD = gnu11;
				GCC_NO_COMMON_BLOCKS = YES;
				GCC_WARN_64_TO_32_BIT_CONVERSION = YES;
				GCC_WARN_ABOUT_RETURN_TYPE = YES_ERROR;
				GCC_WARN_UNDECLARED_SELECTOR = YES;
				GCC_WARN_UNINITIALIZED_AUTOS = YES_AGGRESSIVE;
				GCC_WARN_UNUSED_FUNCTION = YES;
				GCC_WARN_UNUSED_VARIABLE = YES;
				IPHONEOS_DEPLOYMENT_TARGET = 12.2;
				MTL_ENABLE_DEBUG_INFO = NO;
				MTL_FAST_MATH = YES;
				SDKROOT = iphoneos;
				SWIFT_COMPILATION_MODE = wholemodule;
				SWIFT_OPTIMIZATION_LEVEL = "-O";
				VALIDATE_PRODUCT = YES;
			};
			name = Release;
		};
		52A6D64B22D89F1500D0670B /* Debug */ = {
			isa = XCBuildConfiguration;
			buildSettings = {
				ASSETCATALOG_COMPILER_APPICON_NAME = AppIcon;
				ASSETCATALOG_COMPILER_LAUNCHIMAGE_NAME = LaunchImage;
				CODE_SIGN_STYLE = Automatic;
				DEVELOPMENT_TEAM = YZCDVJBQY3;
				INFOPLIST_FILE = "Keepmate/Supporting Files/Info.plist";
				LD_RUNPATH_SEARCH_PATHS = (
					"$(inherited)",
					"@executable_path/Frameworks",
				);
				PRODUCT_BUNDLE_IDENTIFIER = Rodrick.Keepmate;
				PRODUCT_NAME = "$(TARGET_NAME)";
				SWIFT_VERSION = 5.0;
				TARGETED_DEVICE_FAMILY = 1;
			};
			name = Debug;
		};
		52A6D64C22D89F1500D0670B /* Release */ = {
			isa = XCBuildConfiguration;
			buildSettings = {
				ASSETCATALOG_COMPILER_APPICON_NAME = AppIcon;
				ASSETCATALOG_COMPILER_LAUNCHIMAGE_NAME = LaunchImage;
				CODE_SIGN_STYLE = Automatic;
				DEVELOPMENT_TEAM = YZCDVJBQY3;
				INFOPLIST_FILE = "Keepmate/Supporting Files/Info.plist";
				LD_RUNPATH_SEARCH_PATHS = (
					"$(inherited)",
					"@executable_path/Frameworks",
				);
				PRODUCT_BUNDLE_IDENTIFIER = Rodrick.Keepmate;
				PRODUCT_NAME = "$(TARGET_NAME)";
				SWIFT_VERSION = 5.0;
				TARGETED_DEVICE_FAMILY = 1;
			};
			name = Release;
		};
/* End XCBuildConfiguration section */

/* Begin XCConfigurationList section */
		52A6D63322D89F1400D0670B /* Build configuration list for PBXProject "Keepmate" */ = {
			isa = XCConfigurationList;
			buildConfigurations = (
				52A6D64822D89F1500D0670B /* Debug */,
				52A6D64922D89F1500D0670B /* Release */,
			);
			defaultConfigurationIsVisible = 0;
			defaultConfigurationName = Release;
		};
		52A6D64A22D89F1500D0670B /* Build configuration list for PBXNativeTarget "Keepmate" */ = {
			isa = XCConfigurationList;
			buildConfigurations = (
				52A6D64B22D89F1500D0670B /* Debug */,
				52A6D64C22D89F1500D0670B /* Release */,
			);
			defaultConfigurationIsVisible = 0;
			defaultConfigurationName = Release;
		};
/* End XCConfigurationList section */
	};
	rootObject = 52A6D63022D89F1400D0670B /* Project object */;
}
